
Microsoft Visual Studio Solution File, Format Version 12.00
# Visual Studio Version 17
VisualStudioVersion = 17.8.34330.188
MinimumVisualStudioVersion = 10.0.40219.1
Project("{9A19103F-16F7-4668-BE54-9A1E7A4F7556}") = "SchoolLibrary", "SchoolLibrary\SchoolLibrary.csproj", "{EFFB33D2-6EE2-4D3A-BDFD-2C7AD3E10F31}"
EndProject
Project("{FAE04EC0-301F-11D3-BF4B-00C04F79EFBC}") = "SchoolLibrarTest", "SchoolLibrarTest\SchoolLibrarTest.csproj", "{64A2E87E-88BB-4141-BD4A-685CF0D164E3}"
EndProject
Global
	GlobalSection(SolutionConfigurationPlatforms) = preSolution
		Debug|Any CPU = Debug|Any CPU
		Release|Any CPU = Release|Any CPU
	EndGlobalSection
	GlobalSection(ProjectConfigurationPlatforms) = postSolution
		{EFFB33D2-6EE2-4D3A-BDFD-2C7AD3E10F31}.Debug|Any CPU.ActiveCfg = Debug|Any CPU
		{EFFB33D2-6EE2-4D3A-BDFD-2C7AD3E10F31}.Debug|Any CPU.Build.0 = Debug|Any CPU
		{EFFB33D2-6EE2-4D3A-BDFD-2C7AD3E10F31}.Release|Any CPU.ActiveCfg = Release|Any CPU
		{EFFB33D2-6EE2-4D3A-BDFD-2C7AD3E10F31}.Release|Any CPU.Build.0 = Release|Any CPU
		{64A2E87E-88BB-4141-BD4A-685CF0D164E3}.Debug|Any CPU.ActiveCfg = Debug|Any CPU
		{64A2E87E-88BB-4141-BD4A-685CF0D164E3}.Debug|Any CPU.Build.0 = Debug|Any CPU
		{64A2E87E-88BB-4141-BD4A-685CF0D164E3}.Release|Any CPU.ActiveCfg = Release|Any CPU
		{64A2E87E-88BB-4141-BD4A-685CF0D164E3}.Release|Any CPU.Build.0 = Release|Any CPU
	EndGlobalSection
	GlobalSection(SolutionProperties) = preSolution
		HideSolutionNode = FALSE
	EndGlobalSection
	GlobalSection(ExtensibilityGlobals) = postSolution
		SolutionGuid = {19E0F52D-BF04-4CA9-93EA-794B8452FBCD}
	EndGlobalSection
EndGlobal
